// !$*UTF8*$!
{
	archiveVersion = 1;
	classes = {
	};
	objectVersion = 46;
	objects = {

/* Begin PBXBuildFile section */
		33DC35511AC49E8800FC09EA /* main.m in Sources */ = {isa = PBXBuildFile; fileRef = 33DC35501AC49E8800FC09EA /* main.m */; };
		33DC35541AC49E8800FC09EA /* AppDelegate.m in Sources */ = {isa = PBXBuildFile; fileRef = 33DC35531AC49E8800FC09EA /* AppDelegate.m */; };
		33DC35571AC49E8800FC09EA /* ViewController.m in Sources */ = {isa = PBXBuildFile; fileRef = 33DC35561AC49E8800FC09EA /* ViewController.m */; };
		33DC355A1AC49E8800FC09EA /* Main.storyboard in Resources */ = {isa = PBXBuildFile; fileRef = 33DC35581AC49E8800FC09EA /* Main.storyboard */; };
		33DC355C1AC49E8800FC09EA /* Images.xcassets in Resources */ = {isa = PBXBuildFile; fileRef = 33DC355B1AC49E8800FC09EA /* Images.xcassets */; };
		33DC355F1AC49E8800FC09EA /* LaunchScreen.xib in Resources */ = {isa = PBXBuildFile; fileRef = 33DC355D1AC49E8800FC09EA /* LaunchScreen.xib */; };
		33DC356B1AC49E8800FC09EA /* New_CalculatorTests.m in Sources */ = {isa = PBXBuildFile; fileRef = 33DC356A1AC49E8800FC09EA /* New_CalculatorTests.m */; };
/* End PBXBuildFile section */

/* Begin PBXContainerItemProxy section */
		33DC35651AC49E8800FC09EA /* PBXContainerItemProxy */ = {
			isa = PBXContainerItemProxy;
			containerPortal = 33DC35431AC49E8800FC09EA /* Project object */;
			proxyType = 1;
			remoteGlobalIDString = 33DC354A1AC49E8800FC09EA;
			remoteInfo = "New Calculator";
		};
/* End PBXContainerItemProxy section */

/* Begin PBXFileReference section */
		33DC354B1AC49E8800FC09EA /* New Calculator.app */ = {isa = PBXFileReference; explicitFileType = wrapper.application; includeInIndex = 0; path = "New Calculator.app"; sourceTree = BUILT_PRODUCTS_DIR; };
		33DC354F1AC49E8800FC09EA /* Info.plist */ = {isa = PBXFileReference; lastKnownFileType = text.plist.xml; path = Info.plist; sourceTree = "<group>"; };
		33DC35501AC49E8800FC09EA /* main.m */ = {isa = PBXFileReference; lastKnownFileType = sourcecode.c.objc; path = main.m; sourceTree = "<group>"; };
		33DC35521AC49E8800FC09EA /* AppDelegate.h */ = {isa = PBXFileReference; lastKnownFileType = sourcecode.c.h; path = AppDelegate.h; sourceTree = "<group>"; };
		33DC35531AC49E8800FC09EA /* AppDelegate.m */ = {isa = PBXFileReference; lastKnownFileType = sourcecode.c.objc; path = AppDelegate.m; sourceTree = "<group>"; };
		33DC35551AC49E8800FC09EA /* ViewController.h */ = {isa = PBXFileReference; lastKnownFileType = sourcecode.c.h; path = ViewController.h; sourceTree = "<group>"; };
		33DC35561AC49E8800FC09EA /* ViewController.m */ = {isa = PBXFileReference; lastKnownFileType = sourcecode.c.objc; path = ViewController.m; sourceTree = "<group>"; };
		33DC35591AC49E8800FC09EA /* Base */ = {isa = PBXFileReference; lastKnownFileType = file.storyboard; name = Base; path = Base.lproj/Main.storyboard; sourceTree = "<group>"; };
		33DC355B1AC49E8800FC09EA /* Images.xcassets */ = {isa = PBXFileReference; lastKnownFileType = folder.assetcatalog; path = Images.xcassets; sourceTree = "<group>"; };
		33DC355E1AC49E8800FC09EA /* Base */ = {isa = PBXFileReference; lastKnownFileType = file.xib; name = Base; path = Base.lproj/LaunchScreen.xib; sourceTree = "<group>"; };
		33DC35641AC49E8800FC09EA /* New CalculatorTests.xctest */ = {isa = PBXFileReference; explicitFileType = wrapper.cfbundle; includeInIndex = 0; path = "New CalculatorTests.xctest"; sourceTree = BUILT_PRODUCTS_DIR; };
		33DC35691AC49E8800FC09EA /* Info.plist */ = {isa = PBXFileReference; lastKnownFileType = text.plist.xml; path = Info.plist; sourceTree = "<group>"; };
		33DC356A1AC49E8800FC09EA /* New_CalculatorTests.m */ = {isa = PBXFileReference; lastKnownFileType = sourcecode.c.objc; path = New_CalculatorTests.m; sourceTree = "<group>"; };
/* End PBXFileReference section */

/* Begin PBXFrameworksBuildPhase section */
		33DC35481AC49E8800FC09EA /* Frameworks */ = {
			isa = PBXFrameworksBuildPhase;
			buildActionMask = 2147483647;
			files = (
			);
			runOnlyForDeploymentPostprocessing = 0;
		};
		33DC35611AC49E8800FC09EA /* Frameworks */ = {
			isa = PBXFrameworksBuildPhase;
			buildActionMask = 2147483647;
			files = (
			);
			runOnlyForDeploymentPostprocessing = 0;
		};
/* End PBXFrameworksBuildPhase section */

/* Begin PBXGroup section */
		33DC35421AC49E8800FC09EA = {
			isa = PBXGroup;
			children = (
				33DC354D1AC49E8800FC09EA /* New Calculator */,
				33DC35671AC49E8800FC09EA /* New CalculatorTests */,
				33DC354C1AC49E8800FC09EA /* Products */,
			);
			sourceTree = "<group>";
		};
		33DC354C1AC49E8800FC09EA /* Products */ = {
			isa = PBXGroup;
			children = (
				33DC354B1AC49E8800FC09EA /* New Calculator.app */,
				33DC35641AC49E8800FC09EA /* New CalculatorTests.xctest */,
			);
			name = Products;
			sourceTree = "<group>";
		};
		33DC354D1AC49E8800FC09EA /* New Calculator */ = {
			isa = PBXGroup;
			children = (
				33DC35521AC49E8800FC09EA /* AppDelegate.h */,
				33DC35531AC49E8800FC09EA /* AppDelegate.m */,
				33DC35551AC49E8800FC09EA /* ViewController.h */,
				33DC35561AC49E8800FC09EA /* ViewController.m */,
				33DC35581AC49E8800FC09EA /* Main.storyboard */,
				33DC355B1AC49E8800FC09EA /* Images.xcassets */,
				33DC355D1AC49E8800FC09EA /* LaunchScreen.xib */,
				33DC354E1AC49E8800FC09EA /* Supporting Files */,
			);
			path = "New Calculator";
			sourceTree = "<group>";
		};
		33DC354E1AC49E8800FC09EA /* Supporting Files */ = {
			isa = PBXGroup;
			children = (
				33DC354F1AC49E8800FC09EA /* Info.plist */,
				33DC35501AC49E8800FC09EA /* main.m */,
			);
			name = "Supporting Files";
			sourceTree = "<group>";
		};
		33DC35671AC49E8800FC09EA /* New CalculatorTests */ = {
			isa = PBXGroup;
			children = (
				33DC356A1AC49E8800FC09EA /* New_CalculatorTests.m */,
				33DC35681AC49E8800FC09EA /* Supporting Files */,
			);
			path = "New CalculatorTests";
			sourceTree = "<group>";
		};
		33DC35681AC49E8800FC09EA /* Supporting Files */ = {
			isa = PBXGroup;
			children = (
				33DC35691AC49E8800FC09EA /* Info.plist */,
			);
			name = "Supporting Files";
			sourceTree = "<group>";
		};
/* End PBXGroup section */

/* Begin PBXNativeTarget section */
		33DC354A1AC49E8800FC09EA /* New Calculator */ = {
			isa = PBXNativeTarget;
			buildConfigurationList = 33DC356E1AC49E8800FC09EA /* Build configuration list for PBXNativeTarget "New Calculator" */;
			buildPhases = (
				33DC35471AC49E8800FC09EA /* Sources */,
				33DC35481AC49E8800FC09EA /* Frameworks */,
				33DC35491AC49E8800FC09EA /* Resources */,
			);
			buildRules = (
			);
			dependencies = (
			);
			name = "New Calculator";
			productName = "New Calculator";
			productReference = 33DC354B1AC49E8800FC09EA /* New Calculator.app */;
			productType = "com.apple.product-type.application";
		};
		33DC35631AC49E8800FC09EA /* New CalculatorTests */ = {
			isa = PBXNativeTarget;
			buildConfigurationList = 33DC35711AC49E8800FC09EA /* Build configuration list for PBXNativeTarget "New CalculatorTests" */;
			buildPhases = (
				33DC35601AC49E8800FC09EA /* Sources */,
				33DC35611AC49E8800FC09EA /* Frameworks */,
				33DC35621AC49E8800FC09EA /* Resources */,
			);
			buildRules = (
			);
			dependencies = (
				33DC35661AC49E8800FC09EA /* PBXTargetDependency */,
			);
			name = "New CalculatorTests";
			productName = "New CalculatorTests";
			productReference = 33DC35641AC49E8800FC09EA /* New CalculatorTests.xctest */;
			productType = "com.apple.product-type.bundle.unit-test";
		};
/* End PBXNativeTarget section */

/* Begin PBXProject section */
		33DC35431AC49E8800FC09EA /* Project object */ = {
			isa = PBXProject;
			attributes = {
				LastUpgradeCheck = 0610;
				ORGANIZATIONNAME = com.sky;
				TargetAttributes = {
					33DC354A1AC49E8800FC09EA = {
						CreatedOnToolsVersion = 6.1.1;
					};
					33DC35631AC49E8800FC09EA = {
						CreatedOnToolsVersion = 6.1.1;
						TestTargetID = 33DC354A1AC49E8800FC09EA;
					};
				};
			};
			buildConfigurationList = 33DC35461AC49E8800FC09EA /* Build configuration list for PBXProject "New Calculator" */;
			compatibilityVersion = "Xcode 3.2";
			developmentRegion = English;
			hasScannedForEncodings = 0;
			knownRegions = (
				en,
				Base,
			);
			mainGroup = 33DC35421AC49E8800FC09EA;
			productRefGroup = 33DC354C1AC49E8800FC09EA /* Products */;
			projectDirPath = "";
			projectRoot = "";
			targets = (
				33DC354A1AC49E8800FC09EA /* New Calculator */,
				33DC35631AC49E8800FC09EA /* New CalculatorTests */,
			);
		};
/* End PBXProject section */

/* Begin PBXResourcesBuildPhase section */
		33DC35491AC49E8800FC09EA /* Resources */ = {
			isa = PBXResourcesBuildPhase;
			buildActionMask = 2147483647;
			files = (
				33DC355A1AC49E8800FC09EA /* Main.storyboard in Resources */,
				33DC355F1AC49E8800FC09EA /* LaunchScreen.xib in Resources */,
				33DC355C1AC49E8800FC09EA /* Images.xcassets in Resources */,
			);
			runOnlyForDeploymentPostprocessing = 0;
		};
		33DC35621AC49E8800FC09EA /* Resources */ = {
			isa = PBXResourcesBuildPhase;
			buildActionMask = 2147483647;
			files = (
			);
			runOnlyForDeploymentPostprocessing = 0;
		};
/* End PBXResourcesBuildPhase section */

/* Begin PBXSourcesBuildPhase section */
		33DC35471AC49E8800FC09EA /* Sources */ = {
			isa = PBXSourcesBuildPhase;
			buildActionMask = 2147483647;
			files = (
				33DC35571AC49E8800FC09EA /* ViewController.m in Sources */,
				33DC35541AC49E8800FC09EA /* AppDelegate.m in Sources */,
				33DC35511AC49E8800FC09EA /* main.m in Sources */,
			);
			runOnlyForDeploymentPostprocessing = 0;
		};
		33DC35601AC49E8800FC09EA /* Sources */ = {
			isa = PBXSourcesBuildPhase;
			buildActionMask = 2147483647;
			files = (
				33DC356B1AC49E8800FC09EA /* New_CalculatorTests.m in Sources */,
			);
			runOnlyForDeploymentPostprocessing = 0;
		};
/* End PBXSourcesBuildPhase section */

/* Begin PBXTargetDependency section */
		33DC35661AC49E8800FC09EA /* PBXTargetDependency */ = {
			isa = PBXTargetDependency;
			target = 33DC354A1AC49E8800FC09EA /* New Calculator */;
			targetProxy = 33DC35651AC49E8800FC09EA /* PBXContainerItemProxy */;
		};
/* End PBXTargetDependency section */

/* Begin PBXVariantGroup section */
		33DC35581AC49E8800FC09EA /* Main.storyboard */ = {
			isa = PBXVariantGroup;
			children = (
				33DC35591AC49E8800FC09EA /* Base */,
			);
			name = Main.storyboard;
			sourceTree = "<group>";
		};
		33DC355D1AC49E8800FC09EA /* LaunchScreen.xib */ = {
			isa = PBXVariantGroup;
			children = (
				33DC355E1AC49E8800FC09EA /* Base */,
			);
			name = LaunchScreen.xib;
			sourceTree = "<group>";
		};
/* End PBXVariantGroup section */

/* Begin XCBuildConfiguration section */
		33DC356C1AC49E8800FC09EA /* Debug */ = {
			isa = XCBuildConfiguration;
			buildSettings = {
				ALWAYS_SEARCH_USER_PATHS = NO;
				CLANG_CXX_LANGUAGE_STANDARD = "gnu++0x";
				CLANG_CXX_LIBRARY = "libc++";
				CLANG_ENABLE_MODULES = YES;
				CLANG_ENABLE_OBJC_ARC = YES;
				CLANG_WARN_BOOL_CONVERSION = YES;
				CLANG_WARN_CONSTANT_CONVERSION = YES;
				CLANG_WARN_DIRECT_OBJC_ISA_USAGE = YES_ERROR;
				CLANG_WARN_EMPTY_BODY = YES;
				CLANG_WARN_ENUM_CONVERSION = YES;
				CLANG_WARN_INT_CONVERSION = YES;
				CLANG_WARN_OBJC_ROOT_CLASS = YES_ERROR;
				CLANG_WARN_UNREACHABLE_CODE = YES;
				CLANG_WARN__DUPLICATE_METHOD_MATCH = YES;
				"CODE_SIGN_IDENTITY[sdk=iphoneos*]" = "iPhone Developer";
				COPY_PHASE_STRIP = NO;
				ENABLE_STRICT_OBJC_MSGSEND = YES;
				GCC_C_LANGUAGE_STANDARD = gnu99;
				GCC_DYNAMIC_NO_PIC = NO;
				GCC_OPTIMIZATION_LEVEL = 0;
				GCC_PREPROCESSOR_DEFINITIONS = (
					"DEBUG=1",
					"$(inherited)",
				);
				GCC_SYMBOLS_PRIVATE_EXTERN = NO;
				GCC_WARN_64_TO_32_BIT_CONVERSION = YES;
				GCC_WARN_ABOUT_RETURN_TYPE = YES_ERROR;
				GCC_WARN_UNDECLARED_SELECTOR = YES;
				GCC_WARN_UNINITIALIZED_AUTOS = YES_AGGRESSIVE;
				GCC_WARN_UNUSED_FUNCTION = YES;
				GCC_WARN_UNUSED_VARIABLE = YES;
				IPHONEOS_DEPLOYMENT_TARGET = 8.1;
				MTL_ENABLE_DEBUG_INFO = YES;
				ONLY_ACTIVE_ARCH = YES;
				SDKROOT = iphoneos;
				TARGETED_DEVICE_FAMILY = "1,2";
			};
			name = Debug;
		};
		33DC356D1AC49E8800FC09EA /* Release */ = {
			isa = XCBuildConfiguration;
			buildSettings = {
				ALWAYS_SEARCH_USER_PATHS = NO;
				CLANG_CXX_LANGUAGE_STANDARD = "gnu++0x";
				CLANG_CXX_LIBRARY = "libc++";
				CLANG_ENABLE_MODULES = YES;
				CLANG_ENABLE_OBJC_ARC = YES;
				CLANG_WARN_BOOL_CONVERSION = YES;
				CLANG_WARN_CONSTANT_CONVERSION = YES;
				CLANG_WARN_DIRECT_OBJC_ISA_USAGE = YES_ERROR;
				CLANG_WARN_EMPTY_BODY = YES;
				CLANG_WARN_ENUM_CONVERSION = YES;
				CLANG_WARN_INT_CONVERSION = YES;
				CLANG_WARN_OBJC_ROOT_CLASS = YES_ERROR;
				CLANG_WARN_UNREACHABLE_CODE = YES;
				CLANG_WARN__DUPLICATE_METHOD_MATCH = YES;
				"CODE_SIGN_IDENTITY[sdk=iphoneos*]" = "iPhone Developer";
				COPY_PHASE_STRIP = YES;
				ENABLE_NS_ASSERTIONS = NO;
				ENABLE_STRICT_OBJC_MSGSEND = YES;
				GCC_C_LANGUAGE_STANDARD = gnu99;
				GCC_WARN_64_TO_32_BIT_CONVERSION = YES;
				GCC_WARN_ABOUT_RETURN_TYPE = YES_ERROR;
				GCC_WARN_UNDECLARED_SELECTOR = YES;
				GCC_WARN_UNINITIALIZED_AUTOS = YES_AGGRESSIVE;
				GCC_WARN_UNUSED_FUNCTION = YES;
				GCC_WARN_UNUSED_VARIABLE = YES;
				IPHONEOS_DEPLOYMENT_TARGET = 8.1;
				MTL_ENABLE_DEBUG_INFO = NO;
				SDKROOT = iphoneos;
				TARGETED_DEVICE_FAMILY = "1,2";
				VALIDATE_PRODUCT = YES;
			};
			name = Release;
		};
		33DC356F1AC49E8800FC09EA /* Debug */ = {
			isa = XCBuildConfiguration;
			buildSettings = {
				ASSETCATALOG_COMPILER_APPICON_NAME = AppIcon;
				INFOPLIST_FILE = "New Calculator/Info.plist";
				LD_RUNPATH_SEARCH_PATHS = "$(inherited) @executable_path/Frameworks";
				PRODUCT_NAME = "$(TARGET_NAME)";
			};
			name = Debug;
		};
		33DC35701AC49E8800FC09EA /* Release */ = {
			isa = XCBuildConfiguration;
			buildSettings = {
				ASSETCATALOG_COMPILER_APPICON_NAME = AppIcon;
				INFOPLIST_FILE = "New Calculator/Info.plist";
				LD_RUNPATH_SEARCH_PATHS = "$(inherited) @executable_path/Frameworks";
				PRODUCT_NAME = "$(TARGET_NAME)";
			};
			name = Release;
		};
		33DC35721AC49E8800FC09EA /* Debug */ = {
			isa = XCBuildConfiguration;
			buildSettings = {
				BUNDLE_LOADER = "$(TEST_HOST)";
				FRAMEWORK_SEARCH_PATHS = (
					"$(SDKROOT)/Developer/Library/Frameworks",
					"$(inherited)",
				);
				GCC_PREPROCESSOR_DEFINITIONS = (
					"DEBUG=1",
					"$(inherited)",
				);
				INFOPLIST_FILE = "New CalculatorTests/Info.plist";
				LD_RUNPATH_SEARCH_PATHS = "$(inherited) @executable_path/Frameworks @loader_path/Frameworks";
				PRODUCT_NAME = "$(TARGET_NAME)";
				TEST_HOST = "$(BUILT_PRODUCTS_DIR)/New Calculator.app/New Calculator";
			};
			name = Debug;
		};
		33DC35731AC49E8800FC09EA /* Release */ = {
			isa = XCBuildConfiguration;
			buildSettings = {
				BUNDLE_LOADER = "$(TEST_HOST)";
				FRAMEWORK_SEARCH_PATHS = (
					"$(SDKROOT)/Developer/Library/Frameworks",
					"$(inherited)",
				);
				INFOPLIST_FILE = "New CalculatorTests/Info.plist";
				LD_RUNPATH_SEARCH_PATHS = "$(inherited) @executable_path/Frameworks @loader_path/Frameworks";
				PRODUCT_NAME = "$(TARGET_NAME)";
				TEST_HOST = "$(BUILT_PRODUCTS_DIR)/New Calculator.app/New Calculator";
			};
			name = Release;
		};
/* End XCBuildConfiguration section */

/* Begin XCConfigurationList section */
		33DC35461AC49E8800FC09EA /* Build configuration list for PBXProject "New Calculator" */ = {
			isa = XCConfigurationList;
			buildConfigurations = (
				33DC356C1AC49E8800FC09EA /* Debug */,
				33DC356D1AC49E8800FC09EA /* Release */,
			);
			defaultConfigurationIsVisible = 0;
			defaultConfigurationName = Release;
		};
		33DC356E1AC49E8800FC09EA /* Build configuration list for PBXNativeTarget "New Calculator" */ = {
			isa = XCConfigurationList;
			buildConfigurations = (
				33DC356F1AC49E8800FC09EA /* Debug */,
				33DC35701AC49E8800FC09EA /* Release */,
			);
			defaultConfigurationIsVisible = 0;
		};
		33DC35711AC49E8800FC09EA /* Build configuration list for PBXNativeTarget "New CalculatorTests" */ = {
			isa = XCConfigurationList;
			buildConfigurations = (
				33DC35721AC49E8800FC09EA /* Debug */,
				33DC35731AC49E8800FC09EA /* Release */,
			);
			defaultConfigurationIsVisible = 0;
		};
/* End XCConfigurationList section */
	};
	rootObject = 33DC35431AC49E8800FC09EA /* Project object */;
}
